Microsoft Visual Studio Solution File, Format Version 8.00
Project("{8BC9CEB8-8B4A-11D0-8D11-00A0C91BC942}") = "win32serial", "win32serial.vcproj", "{1D199DF0-CC91-436B-935F-34D1C788B4FB}"
	ProjectSection(ProjectDependencies) = postProject
	EndProjectSection
EndProject
Global
	GlobalSection(SolutionConfiguration) = preSolution
		Debug = Debug
		Release = Release
	EndGlobalSection
	GlobalSection(ProjectConfiguration) = postSolution
		{1D199DF0-CC91-436B-935F-34D1C788B4FB}.Debug.ActiveCfg = Debug|Win32
		{1D199DF0-CC91-436B-935F-34D1C788B4FB}.Debug.Build.0 = Debug|Win32
		{1D199DF0-CC91-436B-935F-34D1C788B4FB}.Release.ActiveCfg = Release|Win32
		{1D199DF0-CC91-436B-935F-34D1C788B4FB}.Release.Build.0 = Release|Win32
	EndGlobalSection
	GlobalSection(SolutionItems) = postSolution
	EndGlobalSection
	GlobalSection(ExtensibilityGlobals) = postSolution
	EndGlobalSection
	GlobalSection(ExtensibilityAddIns) = postSolution
	EndGlobalSection
EndGlobal
